// !$*UTF8*$!
{
	archiveVersion = 1;
	classes = {
	};
	objectVersion = 50;
	objects = {

/* Begin PBXBuildFile section */
		EA336733230FC918005D4ACB /* NewsViewController.swift in Sources */ = {isa = PBXBuildFile; fileRef = EA336732230FC918005D4ACB /* NewsViewController.swift */; };
		EA336735230FCC7A005D4ACB /* NewsTableViewCell.swift in Sources */ = {isa = PBXBuildFile; fileRef = EA336734230FCC7A005D4ACB /* NewsTableViewCell.swift */; };
		EA47C22D230EDA2D00312DEB /* WorkWebViewViewController.swift in Sources */ = {isa = PBXBuildFile; fileRef = EA47C22C230EDA2D00312DEB /* WorkWebViewViewController.swift */; };
		EA4D2279230D5C2700789257 /* WorkViewController.swift in Sources */ = {isa = PBXBuildFile; fileRef = EA4D2278230D5C2700789257 /* WorkViewController.swift */; };
		EA4D227B230D5C7200789257 /* WorkTableViewCell.swift in Sources */ = {isa = PBXBuildFile; fileRef = EA4D227A230D5C7200789257 /* WorkTableViewCell.swift */; };
		EA5BDA1E230BD5C00028D175 /* CollectionViewCell.swift in Sources */ = {isa = PBXBuildFile; fileRef = EA5BDA1D230BD5C00028D175 /* CollectionViewCell.swift */; };
		EACE2D0E231104EA00F9474B /* ContactsViewController.swift in Sources */ = {isa = PBXBuildFile; fileRef = EACE2D0D231104EA00F9474B /* ContactsViewController.swift */; };
		EAEDF65823044CAD00F50CBF /* AppDelegate.swift in Sources */ = {isa = PBXBuildFile; fileRef = EAEDF65723044CAD00F50CBF /* AppDelegate.swift */; };
		EAEDF65A23044CAD00F50CBF /* ViewController.swift in Sources */ = {isa = PBXBuildFile; fileRef = EAEDF65923044CAD00F50CBF /* ViewController.swift */; };
		EAEDF65D23044CAD00F50CBF /* Main.storyboard in Resources */ = {isa = PBXBuildFile; fileRef = EAEDF65B23044CAD00F50CBF /* Main.storyboard */; };
		EAEDF65F23044CC200F50CBF /* Assets.xcassets in Resources */ = {isa = PBXBuildFile; fileRef = EAEDF65E23044CC200F50CBF /* Assets.xcassets */; };
		EAEDF66223044CC200F50CBF /* LaunchScreen.storyboard in Resources */ = {isa = PBXBuildFile; fileRef = EAEDF66023044CC200F50CBF /* LaunchScreen.storyboard */; };
/* End PBXBuildFile section */

/* Begin PBXFileReference section */
		EA336732230FC918005D4ACB /* NewsViewController.swift */ = {isa = PBXFileReference; lastKnownFileType = sourcecode.swift; path = NewsViewController.swift; sourceTree = "<group>"; };
		EA336734230FCC7A005D4ACB /* NewsTableViewCell.swift */ = {isa = PBXFileReference; lastKnownFileType = sourcecode.swift; path = NewsTableViewCell.swift; sourceTree = "<group>"; };
		EA47C22C230EDA2D00312DEB /* WorkWebViewViewController.swift */ = {isa = PBXFileReference; lastKnownFileType = sourcecode.swift; path = WorkWebViewViewController.swift; sourceTree = "<group>"; };
		EA4D2278230D5C2700789257 /* WorkViewController.swift */ = {isa = PBXFileReference; lastKnownFileType = sourcecode.swift; path = WorkViewController.swift; sourceTree = "<group>"; };
		EA4D227A230D5C7200789257 /* WorkTableViewCell.swift */ = {isa = PBXFileReference; lastKnownFileType = sourcecode.swift; path = WorkTableViewCell.swift; sourceTree = "<group>"; };
		EA5BDA1D230BD5C00028D175 /* CollectionViewCell.swift */ = {isa = PBXFileReference; lastKnownFileType = sourcecode.swift; path = CollectionViewCell.swift; sourceTree = "<group>"; };
		EACE2D0D231104EA00F9474B /* ContactsViewController.swift */ = {isa = PBXFileReference; lastKnownFileType = sourcecode.swift; path = ContactsViewController.swift; sourceTree = "<group>"; };
		EAEDF65423044CAD00F50CBF /* ymlApp.app */ = {isa = PBXFileReference; explicitFileType = wrapper.application; includeInIndex = 0; path = ymlApp.app; sourceTree = BUILT_PRODUCTS_DIR; };
		EAEDF65723044CAD00F50CBF /* AppDelegate.swift */ = {isa = PBXFileReference; lastKnownFileType = sourcecode.swift; path = AppDelegate.swift; sourceTree = "<group>"; };
		EAEDF65923044CAD00F50CBF /* ViewController.swift */ = {isa = PBXFileReference; lastKnownFileType = sourcecode.swift; path = ViewController.swift; sourceTree = "<group>"; };
		EAEDF65C23044CAD00F50CBF /* Base */ = {isa = PBXFileReference; lastKnownFileType = file.storyboard; name = Base; path = Base.lproj/Main.storyboard; sourceTree = "<group>"; };
		EAEDF65E23044CC200F50CBF /* Assets.xcassets */ = {isa = PBXFileReference; lastKnownFileType = folder.assetcatalog; path = Assets.xcassets; sourceTree = "<group>"; };
		EAEDF66123044CC200F50CBF /* Base */ = {isa = PBXFileReference; lastKnownFileType = file.storyboard; name = Base; path = Base.lproj/LaunchScreen.storyboard; sourceTree = "<group>"; };
		EAEDF66323044CC200F50CBF /* Info.plist */ = {isa = PBXFileReference; lastKnownFileType = text.plist.xml; path = Info.plist; sourceTree = "<group>"; };
/* End PBXFileReference section */

/* Begin PBXFrameworksBuildPhase section */
		EAEDF65123044CAD00F50CBF /* Frameworks */ = {
			isa = PBXFrameworksBuildPhase;
			buildActionMask = 2147483647;
			files = (
			);
			runOnlyForDeploymentPostprocessing = 0;
		};
/* End PBXFrameworksBuildPhase section */

/* Begin PBXGroup section */
		EAEDF64B23044CAC00F50CBF = {
			isa = PBXGroup;
			children = (
				EAEDF65623044CAD00F50CBF /* ymlApp */,
				EAEDF65523044CAD00F50CBF /* Products */,
			);
			sourceTree = "<group>";
		};
		EAEDF65523044CAD00F50CBF /* Products */ = {
			isa = PBXGroup;
			children = (
				EAEDF65423044CAD00F50CBF /* ymlApp.app */,
			);
			name = Products;
			sourceTree = "<group>";
		};
		EAEDF65623044CAD00F50CBF /* ymlApp */ = {
			isa = PBXGroup;
			children = (
				EAEDF65723044CAD00F50CBF /* AppDelegate.swift */,
				EAEDF65923044CAD00F50CBF /* ViewController.swift */,
				EAEDF65B23044CAD00F50CBF /* Main.storyboard */,
				EAEDF65E23044CC200F50CBF /* Assets.xcassets */,
				EAEDF66023044CC200F50CBF /* LaunchScreen.storyboard */,
				EAEDF66323044CC200F50CBF /* Info.plist */,
				EA5BDA1D230BD5C00028D175 /* CollectionViewCell.swift */,
				EA4D2278230D5C2700789257 /* WorkViewController.swift */,
				EA4D227A230D5C7200789257 /* WorkTableViewCell.swift */,
				EA47C22C230EDA2D00312DEB /* WorkWebViewViewController.swift */,
				EA336732230FC918005D4ACB /* NewsViewController.swift */,
				EA336734230FCC7A005D4ACB /* NewsTableViewCell.swift */,
				EACE2D0D231104EA00F9474B /* ContactsViewController.swift */,
			);
			path = ymlApp;
			sourceTree = "<group>";
		};
/* End PBXGroup section */

/* Begin PBXNativeTarget section */
		EAEDF65323044CAD00F50CBF /* ymlApp */ = {
			isa = PBXNativeTarget;
			buildConfigurationList = EAEDF66623044CC200F50CBF /* Build configuration list for PBXNativeTarget "ymlApp" */;
			buildPhases = (
				EAEDF65023044CAD00F50CBF /* Sources */,
				EAEDF65123044CAD00F50CBF /* Frameworks */,
				EAEDF65223044CAD00F50CBF /* Resources */,
			);
			buildRules = (
			);
			dependencies = (
			);
			name = ymlApp;
			productName = ymlApp;
			productReference = EAEDF65423044CAD00F50CBF /* ymlApp.app */;
			productType = "com.apple.product-type.application";
		};
/* End PBXNativeTarget section */

/* Begin PBXProject section */
		EAEDF64C23044CAC00F50CBF /* Project object */ = {
			isa = PBXProject;
			attributes = {
				LastSwiftUpdateCheck = 1030;
				LastUpgradeCheck = 1030;
				ORGANIZATIONNAME = YML;
				TargetAttributes = {
					EAEDF65323044CAD00F50CBF = {
						CreatedOnToolsVersion = 10.3;
					};
				};
			};
			buildConfigurationList = EAEDF64F23044CAC00F50CBF /* Build configuration list for PBXProject "ymlApp" */;
			compatibilityVersion = "Xcode 9.3";
			developmentRegion = en;
			hasScannedForEncodings = 0;
			knownRegions = (
				en,
				Base,
			);
			mainGroup = EAEDF64B23044CAC00F50CBF;
			productRefGroup = EAEDF65523044CAD00F50CBF /* Products */;
			projectDirPath = "";
			projectRoot = "";
			targets = (
				EAEDF65323044CAD00F50CBF /* ymlApp */,
			);
		};
/* End PBXProject section */

/* Begin PBXResourcesBuildPhase section */
		EAEDF65223044CAD00F50CBF /* Resources */ = {
			isa = PBXResourcesBuildPhase;
			buildActionMask = 2147483647;
			files = (
				EAEDF66223044CC200F50CBF /* LaunchScreen.storyboard in Resources */,
				EAEDF65F23044CC200F50CBF /* Assets.xcassets in Resources */,
				EAEDF65D23044CAD00F50CBF /* Main.storyboard in Resources */,
			);
			runOnlyForDeploymentPostprocessing = 0;
		};
/* End PBXResourcesBuildPhase section */

/* Begin PBXSourcesBuildPhase section */
		EAEDF65023044CAD00F50CBF /* Sources */ = {
			isa = PBXSourcesBuildPhase;
			buildActionMask = 2147483647;
			files = (
				EAEDF65A23044CAD00F50CBF /* ViewController.swift in Sources */,
				EA47C22D230EDA2D00312DEB /* WorkWebViewViewController.swift in Sources */,
				EA336735230FCC7A005D4ACB /* NewsTableViewCell.swift in Sources */,
				EA4D2279230D5C2700789257 /* WorkViewController.swift in Sources */,
				EA4D227B230D5C7200789257 /* WorkTableViewCell.swift in Sources */,
				EACE2D0E231104EA00F9474B /* ContactsViewController.swift in Sources */,
				EA336733230FC918005D4ACB /* NewsViewController.swift in Sources */,
				EAEDF65823044CAD00F50CBF /* AppDelegate.swift in Sources */,
				EA5BDA1E230BD5C00028D175 /* CollectionViewCell.swift in Sources */,
			);
			runOnlyForDeploymentPostprocessing = 0;
		};
/* End PBXSourcesBuildPhase section */

/* Begin PBXVariantGroup section */
		EAEDF65B23044CAD00F50CBF /* Main.storyboard */ = {
			isa = PBXVariantGroup;
			children = (
				EAEDF65C23044CAD00F50CBF /* Base */,
			);
			name = Main.storyboard;
			sourceTree = "<group>";
		};
		EAEDF66023044CC200F50CBF /* LaunchScreen.storyboard */ = {
			isa = PBXVariantGroup;
			children = (
				EAEDF66123044CC200F50CBF /* Base */,
			);
			name = LaunchScreen.storyboard;
			sourceTree = "<group>";
		};
/* End PBXVariantGroup section */

/* Begin XCBuildConfiguration section */
		EAEDF66423044CC200F50CBF /* Debug */ = {
			isa = XCBuildConfiguration;
			buildSettings = {
				ALWAYS_SEARCH_USER_PATHS = NO;
				CLANG_ANALYZER_NONNULL = YES;
				CLANG_ANALYZER_NUMBER_OBJECT_CONVERSION = YES_AGGRESSIVE;
				CLANG_CXX_LANGUAGE_STANDARD = "gnu++14";
				CLANG_CXX_LIBRARY = "libc++";
				CLANG_ENABLE_MODULES = YES;
				CLANG_ENABLE_OBJC_ARC = YES;
				CLANG_ENABLE_OBJC_WEAK = YES;
				CLANG_WARN_BLOCK_CAPTURE_AUTORELEASING = YES;
				CLANG_WARN_BOOL_CONVERSION = YES;
				CLANG_WARN_COMMA = YES;
				CLANG_WARN_CONSTANT_CONVERSION = YES;
				CLANG_WARN_DEPRECATED_OBJC_IMPLEMENTATIONS = YES;
				CLANG_WARN_DIRECT_OBJC_ISA_USAGE = YES_ERROR;
				CLANG_WARN_DOCUMENTATION_COMMENTS = YES;
				CLANG_WARN_EMPTY_BODY = YES;
				CLANG_WARN_ENUM_CONVERSION = YES;
				CLANG_WARN_INFINITE_RECURSION = YES;
				CLANG_WARN_INT_CONVERSION = YES;
				CLANG_WARN_NON_LITERAL_NULL_CONVERSION = YES;
				CLANG_WARN_OBJC_IMPLICIT_RETAIN_SELF = YES;
				CLANG_WARN_OBJC_LITERAL_CONVERSION = YES;
				CLANG_WARN_OBJC_ROOT_CLASS = YES_ERROR;
				CLANG_WARN_RANGE_LOOP_ANALYSIS = YES;
				CLANG_WARN_STRICT_PROTOTYPES = YES;
				CLANG_WARN_SUSPICIOUS_MOVE = YES;
				CLANG_WARN_UNGUARDED_AVAILABILITY = YES_AGGRESSIVE;
				CLANG_WARN_UNREACHABLE_CODE = YES;
				CLANG_WARN__DUPLICATE_METHOD_MATCH = YES;
				CODE_SIGN_IDENTITY = "iPhone Developer";
				COPY_PHASE_STRIP = NO;
				DEBUG_INFORMATION_FORMAT = dwarf;
				ENABLE_STRICT_OBJC_MSGSEND = YES;
				ENABLE_TESTABILITY = YES;
				GCC_C_LANGUAGE_STANDARD = gnu11;
				GCC_DYNAMIC_NO_PIC = NO;
				GCC_NO_COMMON_BLOCKS = YES;
				GCC_OPTIMIZATION_LEVEL = 0;
				GCC_PREPROCESSOR_DEFINITIONS = (
					"DEBUG=1",
					"$(inherited)",
				);
				GCC_WARN_64_TO_32_BIT_CONVERSION = YES;
				GCC_WARN_ABOUT_RETURN_TYPE = YES_ERROR;
				GCC_WARN_UNDECLARED_SELECTOR = YES;
				GCC_WARN_UNINITIALIZED_AUTOS = YES_AGGRESSIVE;
				GCC_WARN_UNUSED_FUNCTION = YES;
				GCC_WARN_UNUSED_VARIABLE = YES;
				IPHONEOS_DEPLOYMENT_TARGET = 12.4;
				MTL_ENABLE_DEBUG_INFO = INCLUDE_SOURCE;
				MTL_FAST_MATH = YES;
				ONLY_ACTIVE_ARCH = YES;
				SDKROOT = iphoneos;
				SWIFT_ACTIVE_COMPILATION_CONDITIONS = DEBUG;
				SWIFT_OPTIMIZATION_LEVEL = "-Onone";
			};
			name = Debug;
		};
		EAEDF66523044CC200F50CBF /* Release */ = {
			isa = XCBuildConfiguration;
			buildSettings = {
				ALWAYS_SEARCH_USER_PATHS = NO;
				CLANG_ANALYZER_NONNULL = YES;
				CLANG_ANALYZER_NUMBER_OBJECT_CONVERSION = YES_AGGRESSIVE;
				CLANG_CXX_LANGUAGE_STANDARD = "gnu++14";
				CLANG_CXX_LIBRARY = "libc++";
				CLANG_ENABLE_MODULES = YES;
				CLANG_ENABLE_OBJC_ARC = YES;
				CLANG_ENABLE_OBJC_WEAK = YES;
				CLANG_WARN_BLOCK_CAPTURE_AUTORELEASING = YES;
				CLANG_WARN_BOOL_CONVERSION = YES;
				CLANG_WARN_COMMA = YES;
				CLANG_WARN_CONSTANT_CONVERSION = YES;
				CLANG_WARN_DEPRECATED_OBJC_IMPLEMENTATIONS = YES;
				CLANG_WARN_DIRECT_OBJC_ISA_USAGE = YES_ERROR;
				CLANG_WARN_DOCUMENTATION_COMMENTS = YES;
				CLANG_WARN_EMPTY_BODY = YES;
				CLANG_WARN_ENUM_CONVERSION = YES;
				CLANG_WARN_INFINITE_RECURSION = YES;
				CLANG_WARN_INT_CONVERSION = YES;
				CLANG_WARN_NON_LITERAL_NULL_CONVERSION = YES;
				CLANG_WARN_OBJC_IMPLICIT_RETAIN_SELF = YES;
				CLANG_WARN_OBJC_LITERAL_CONVERSION = YES;
				CLANG_WARN_OBJC_ROOT_CLASS = YES_ERROR;
				CLANG_WARN_RANGE_LOOP_ANALYSIS = YES;
				CLANG_WARN_STRICT_PROTOTYPES = YES;
				CLANG_WARN_SUSPICIOUS_MOVE = YES;
				CLANG_WARN_UNGUARDED_AVAILABILITY = YES_AGGRESSIVE;
				CLANG_WARN_UNREACHABLE_CODE = YES;
				CLANG_WARN__DUPLICATE_METHOD_MATCH = YES;
				CODE_SIGN_IDENTITY = "iPhone Developer";
				COPY_PHASE_STRIP = NO;
				DEBUG_INFORMATION_FORMAT = "dwarf-with-dsym";
				ENABLE_NS_ASSERTIONS = NO;
				ENABLE_STRICT_OBJC_MSGSEND = YES;
				GCC_C_LANGUAGE_STANDARD = gnu11;
				GCC_NO_COMMON_BLOCKS = YES;
				GCC_WARN_64_TO_32_BIT_CONVERSION = YES;
				GCC_WARN_ABOUT_RETURN_TYPE = YES_ERROR;
				GCC_WARN_UNDECLARED_SELECTOR = YES;
				GCC_WARN_UNINITIALIZED_AUTOS = YES_AGGRESSIVE;
				GCC_WARN_UNUSED_FUNCTION = YES;
				GCC_WARN_UNUSED_VARIABLE = YES;
				IPHONEOS_DEPLOYMENT_TARGET = 12.4;
				MTL_ENABLE_DEBUG_INFO = NO;
				MTL_FAST_MATH = YES;
				SDKROOT = iphoneos;
				SWIFT_COMPILATION_MODE = wholemodule;
				SWIFT_OPTIMIZATION_LEVEL = "-O";
				VALIDATE_PRODUCT = YES;
			};
			name = Release;
		};
		EAEDF66723044CC200F50CBF /* Debug */ = {
			isa = XCBuildConfiguration;
			buildSettings = {
				ASSETCATALOG_COMPILER_APPICON_NAME = AppIcon;
				CODE_SIGN_STYLE = Automatic;
				INFOPLIST_FILE = ymlApp/Info.plist;
				LD_RUNPATH_SEARCH_PATHS = (
					"$(inherited)",
					"@executable_path/Frameworks",
				);
				PRODUCT_BUNDLE_IDENTIFIER = com.yml.ymlApp;
				PRODUCT_NAME = "$(TARGET_NAME)";
				SWIFT_VERSION = 5.0;
				TARGETED_DEVICE_FAMILY = "1,2";
			};
			name = Debug;
		};
		EAEDF66823044CC200F50CBF /* Release */ = {
			isa = XCBuildConfiguration;
			buildSettings = {
				ASSETCATALOG_COMPILER_APPICON_NAME = AppIcon;
				CODE_SIGN_STYLE = Automatic;
				INFOPLIST_FILE = ymlApp/Info.plist;
				LD_RUNPATH_SEARCH_PATHS = (
					"$(inherited)",
					"@executable_path/Frameworks",
				);
				PRODUCT_BUNDLE_IDENTIFIER = com.yml.ymlApp;
				PRODUCT_NAME = "$(TARGET_NAME)";
				SWIFT_VERSION = 5.0;
				TARGETED_DEVICE_FAMILY = "1,2";
			};
			name = Release;
		};
/* End XCBuildConfiguration section */

/* Begin XCConfigurationList section */
		EAEDF64F23044CAC00F50CBF /* Build configuration list for PBXProject "ymlApp" */ = {
			isa = XCConfigurationList;
			buildConfigurations = (
				EAEDF66423044CC200F50CBF /* Debug */,
				EAEDF66523044CC200F50CBF /* Release */,
			);
			defaultConfigurationIsVisible = 0;
			defaultConfigurationName = Release;
		};
		EAEDF66623044CC200F50CBF /* Build configuration list for PBXNativeTarget "ymlApp" */ = {
			isa = XCConfigurationList;
			buildConfigurations = (
				EAEDF66723044CC200F50CBF /* Debug */,
				EAEDF66823044CC200F50CBF /* Release */,
			);
			defaultConfigurationIsVisible = 0;
			defaultConfigurationName = Release;
		};
/* End XCConfigurationList section */
	};
	rootObject = EAEDF64C23044CAC00F50CBF /* Project object */;
}
