// !$*UTF8*$!
{
	archiveVersion = 1;
	classes = {
	};
	objectVersion = 51;
	objects = {

/* Begin PBXBuildFile section */
		0115E587999A75CB45BAC8BA /* Pods_ymlApp.framework in Frameworks */ = {isa = PBXBuildFile; fileRef = B928DB661BB3A2BAA9ADE6B0 /* Pods_ymlApp.framework */; };
		EA04A98F231161E300521D7E /* GmsMapViewController.swift in Sources */ = {isa = PBXBuildFile; fileRef = EA04A98E231161E300521D7E /* GmsMapViewController.swift */; };
		EA336733230FC918005D4ACB /* NewsViewController.swift in Sources */ = {isa = PBXBuildFile; fileRef = EA336732230FC918005D4ACB /* NewsViewController.swift */; };
		EA336735230FCC7A005D4ACB /* NewsTableViewCell.swift in Sources */ = {isa = PBXBuildFile; fileRef = EA336734230FCC7A005D4ACB /* NewsTableViewCell.swift */; };
		EA47C22D230EDA2D00312DEB /* WorkWebViewViewController.swift in Sources */ = {isa = PBXBuildFile; fileRef = EA47C22C230EDA2D00312DEB /* WorkWebViewViewController.swift */; };
		EA48280C231812CB00D06971 /* AboutUs.swift in Sources */ = {isa = PBXBuildFile; fileRef = EA48280B231812CB00D06971 /* AboutUs.swift */; };
		EA48280E231813F400D06971 /* AboutUsVM.swift in Sources */ = {isa = PBXBuildFile; fileRef = EA48280D231813F400D06971 /* AboutUsVM.swift */; };
		EA4D2279230D5C2700789257 /* WorkViewController.swift in Sources */ = {isa = PBXBuildFile; fileRef = EA4D2278230D5C2700789257 /* WorkViewController.swift */; };
		EA4D227B230D5C7200789257 /* WorkTableViewCell.swift in Sources */ = {isa = PBXBuildFile; fileRef = EA4D227A230D5C7200789257 /* WorkTableViewCell.swift */; };
		EA4DA03D2314F742007BD6EB /* Work.swift in Sources */ = {isa = PBXBuildFile; fileRef = EA4DA03C2314F742007BD6EB /* Work.swift */; };
		EA4DA03F2314F846007BD6EB /* WorkViewModel.swift in Sources */ = {isa = PBXBuildFile; fileRef = EA4DA03E2314F846007BD6EB /* WorkViewModel.swift */; };
		EA4DA04623152233007BD6EB /* MainScreen.swift in Sources */ = {isa = PBXBuildFile; fileRef = EA4DA04523152233007BD6EB /* MainScreen.swift */; };
		EA4DA0482315231F007BD6EB /* MainScreenViewModel.swift in Sources */ = {isa = PBXBuildFile; fileRef = EA4DA0472315231F007BD6EB /* MainScreenViewModel.swift */; };
		EA4DA04A231534EE007BD6EB /* ContactsModel.swift in Sources */ = {isa = PBXBuildFile; fileRef = EA4DA049231534EE007BD6EB /* ContactsModel.swift */; };
		EA4DA04C2315373A007BD6EB /* ContactsViewModel.swift in Sources */ = {isa = PBXBuildFile; fileRef = EA4DA04B2315373A007BD6EB /* ContactsViewModel.swift */; };
		EA5132502313A7E5009F28C9 /* CareersViewController.swift in Sources */ = {isa = PBXBuildFile; fileRef = EA51324F2313A7E5009F28C9 /* CareersViewController.swift */; };
		EA5132522313BAB4009F28C9 /* CareersTableViewCell.swift in Sources */ = {isa = PBXBuildFile; fileRef = EA5132512313BAB4009F28C9 /* CareersTableViewCell.swift */; };
		EA51325523142D6A009F28C9 /* NewsModel.swift in Sources */ = {isa = PBXBuildFile; fileRef = EA51325423142D6A009F28C9 /* NewsModel.swift */; };
		EA5132582314304F009F28C9 /* NewsViewModel.swift in Sources */ = {isa = PBXBuildFile; fileRef = EA5132572314304F009F28C9 /* NewsViewModel.swift */; };
		EA5970B42316426500A1AD84 /* Career.swift in Sources */ = {isa = PBXBuildFile; fileRef = EA5970B32316426500A1AD84 /* Career.swift */; };
		EA5970B62316496200A1AD84 /* CareerVM.swift in Sources */ = {isa = PBXBuildFile; fileRef = EA5970B52316496200A1AD84 /* CareerVM.swift */; };
		EA5970B82316623200A1AD84 /* NetworkManager.swift in Sources */ = {isa = PBXBuildFile; fileRef = EA5970B72316623200A1AD84 /* NetworkManager.swift */; };
		EA5970BD2316B8FE00A1AD84 /* BaseViewController.swift in Sources */ = {isa = PBXBuildFile; fileRef = EA5970BC2316B8FE00A1AD84 /* BaseViewController.swift */; };
		EA5BDA1E230BD5C00028D175 /* CollectionViewCell.swift in Sources */ = {isa = PBXBuildFile; fileRef = EA5BDA1D230BD5C00028D175 /* CollectionViewCell.swift */; };
		EACE2D0E231104EA00F9474B /* ContactsViewController.swift in Sources */ = {isa = PBXBuildFile; fileRef = EACE2D0D231104EA00F9474B /* ContactsViewController.swift */; };
		EAD0F7A9231797590004061A /* BaseVM.swift in Sources */ = {isa = PBXBuildFile; fileRef = EAD0F7A8231797590004061A /* BaseVM.swift */; };
		EAD0F7AB2317D1BA0004061A /* AboutUsViewController.swift in Sources */ = {isa = PBXBuildFile; fileRef = EAD0F7AA2317D1BA0004061A /* AboutUsViewController.swift */; };
		EAD0F7AD2317D3F90004061A /* AboutUsCVCell.swift in Sources */ = {isa = PBXBuildFile; fileRef = EAD0F7AC2317D3F90004061A /* AboutUsCVCell.swift */; };
		EAEDF65823044CAD00F50CBF /* AppDelegate.swift in Sources */ = {isa = PBXBuildFile; fileRef = EAEDF65723044CAD00F50CBF /* AppDelegate.swift */; };
		EAEDF65A23044CAD00F50CBF /* ViewController.swift in Sources */ = {isa = PBXBuildFile; fileRef = EAEDF65923044CAD00F50CBF /* ViewController.swift */; };
		EAEDF65D23044CAD00F50CBF /* Main.storyboard in Resources */ = {isa = PBXBuildFile; fileRef = EAEDF65B23044CAD00F50CBF /* Main.storyboard */; };
		EAEDF65F23044CC200F50CBF /* Assets.xcassets in Resources */ = {isa = PBXBuildFile; fileRef = EAEDF65E23044CC200F50CBF /* Assets.xcassets */; };
		EAEDF66223044CC200F50CBF /* LaunchScreen.storyboard in Resources */ = {isa = PBXBuildFile; fileRef = EAEDF66023044CC200F50CBF /* LaunchScreen.storyboard */; };
/* End PBXBuildFile section */

/* Begin PBXFileReference section */
		2B52FDE2F1631BEBAC119D64 /* Pods-ymlApp.debug.xcconfig */ = {isa = PBXFileReference; includeInIndex = 1; lastKnownFileType = text.xcconfig; name = "Pods-ymlApp.debug.xcconfig"; path = "Target Support Files/Pods-ymlApp/Pods-ymlApp.debug.xcconfig"; sourceTree = "<group>"; };
		B928DB661BB3A2BAA9ADE6B0 /* Pods_ymlApp.framework */ = {isa = PBXFileReference; explicitFileType = wrapper.framework; includeInIndex = 0; path = Pods_ymlApp.framework; sourceTree = BUILT_PRODUCTS_DIR; };
		D04FD7D42688CEE114F17151 /* Pods-ymlApp.release.xcconfig */ = {isa = PBXFileReference; includeInIndex = 1; lastKnownFileType = text.xcconfig; name = "Pods-ymlApp.release.xcconfig"; path = "Target Support Files/Pods-ymlApp/Pods-ymlApp.release.xcconfig"; sourceTree = "<group>"; };
		EA04A98E231161E300521D7E /* GmsMapViewController.swift */ = {isa = PBXFileReference; lastKnownFileType = sourcecode.swift; path = GmsMapViewController.swift; sourceTree = "<group>"; };
		EA336732230FC918005D4ACB /* NewsViewController.swift */ = {isa = PBXFileReference; lastKnownFileType = sourcecode.swift; path = NewsViewController.swift; sourceTree = "<group>"; };
		EA336734230FCC7A005D4ACB /* NewsTableViewCell.swift */ = {isa = PBXFileReference; lastKnownFileType = sourcecode.swift; path = NewsTableViewCell.swift; sourceTree = "<group>"; };
		EA47C22C230EDA2D00312DEB /* WorkWebViewViewController.swift */ = {isa = PBXFileReference; lastKnownFileType = sourcecode.swift; path = WorkWebViewViewController.swift; sourceTree = "<group>"; };
		EA48280B231812CB00D06971 /* AboutUs.swift */ = {isa = PBXFileReference; lastKnownFileType = sourcecode.swift; path = AboutUs.swift; sourceTree = "<group>"; };
		EA48280D231813F400D06971 /* AboutUsVM.swift */ = {isa = PBXFileReference; lastKnownFileType = sourcecode.swift; name = AboutUsVM.swift; path = ymlApp/AboutUsVM.swift; sourceTree = SOURCE_ROOT; };
		EA4D2278230D5C2700789257 /* WorkViewController.swift */ = {isa = PBXFileReference; lastKnownFileType = sourcecode.swift; path = WorkViewController.swift; sourceTree = "<group>"; };
		EA4D227A230D5C7200789257 /* WorkTableViewCell.swift */ = {isa = PBXFileReference; lastKnownFileType = sourcecode.swift; path = WorkTableViewCell.swift; sourceTree = "<group>"; };
		EA4DA03C2314F742007BD6EB /* Work.swift */ = {isa = PBXFileReference; lastKnownFileType = sourcecode.swift; path = Work.swift; sourceTree = "<group>"; };
		EA4DA03E2314F846007BD6EB /* WorkViewModel.swift */ = {isa = PBXFileReference; lastKnownFileType = sourcecode.swift; name = WorkViewModel.swift; path = ymlApp/WorkViewModel.swift; sourceTree = SOURCE_ROOT; };
		EA4DA04523152233007BD6EB /* MainScreen.swift */ = {isa = PBXFileReference; lastKnownFileType = sourcecode.swift; path = MainScreen.swift; sourceTree = "<group>"; };
		EA4DA0472315231F007BD6EB /* MainScreenViewModel.swift */ = {isa = PBXFileReference; lastKnownFileType = sourcecode.swift; name = MainScreenViewModel.swift; path = ymlApp/MainScreenViewModel.swift; sourceTree = SOURCE_ROOT; };
		EA4DA049231534EE007BD6EB /* ContactsModel.swift */ = {isa = PBXFileReference; lastKnownFileType = sourcecode.swift; path = ContactsModel.swift; sourceTree = "<group>"; };
		EA4DA04B2315373A007BD6EB /* ContactsViewModel.swift */ = {isa = PBXFileReference; lastKnownFileType = sourcecode.swift; name = ContactsViewModel.swift; path = ymlApp/ContactsViewModel.swift; sourceTree = SOURCE_ROOT; };
		EA51324F2313A7E5009F28C9 /* CareersViewController.swift */ = {isa = PBXFileReference; lastKnownFileType = sourcecode.swift; path = CareersViewController.swift; sourceTree = "<group>"; };
		EA5132512313BAB4009F28C9 /* CareersTableViewCell.swift */ = {isa = PBXFileReference; lastKnownFileType = sourcecode.swift; path = CareersTableViewCell.swift; sourceTree = "<group>"; };
		EA51325423142D6A009F28C9 /* NewsModel.swift */ = {isa = PBXFileReference; lastKnownFileType = sourcecode.swift; path = NewsModel.swift; sourceTree = "<group>"; };
		EA5132572314304F009F28C9 /* NewsViewModel.swift */ = {isa = PBXFileReference; lastKnownFileType = sourcecode.swift; name = NewsViewModel.swift; path = ymlApp/NewsViewModel.swift; sourceTree = SOURCE_ROOT; };
		EA5970B32316426500A1AD84 /* Career.swift */ = {isa = PBXFileReference; lastKnownFileType = sourcecode.swift; path = Career.swift; sourceTree = "<group>"; };
		EA5970B52316496200A1AD84 /* CareerVM.swift */ = {isa = PBXFileReference; lastKnownFileType = sourcecode.swift; name = CareerVM.swift; path = ymlApp/CareerVM.swift; sourceTree = SOURCE_ROOT; };
		EA5970B72316623200A1AD84 /* NetworkManager.swift */ = {isa = PBXFileReference; lastKnownFileType = sourcecode.swift; name = NetworkManager.swift; path = ymlApp/NetworkManager.swift; sourceTree = SOURCE_ROOT; };
		EA5970BC2316B8FE00A1AD84 /* BaseViewController.swift */ = {isa = PBXFileReference; lastKnownFileType = sourcecode.swift; path = BaseViewController.swift; sourceTree = "<group>"; };
		EA5BDA1D230BD5C00028D175 /* CollectionViewCell.swift */ = {isa = PBXFileReference; lastKnownFileType = sourcecode.swift; path = CollectionViewCell.swift; sourceTree = "<group>"; };
		EACE2D0D231104EA00F9474B /* ContactsViewController.swift */ = {isa = PBXFileReference; lastKnownFileType = sourcecode.swift; path = ContactsViewController.swift; sourceTree = "<group>"; };
		EAD0F7A8231797590004061A /* BaseVM.swift */ = {isa = PBXFileReference; lastKnownFileType = sourcecode.swift; name = BaseVM.swift; path = ymlApp/BaseVM.swift; sourceTree = SOURCE_ROOT; };
		EAD0F7AA2317D1BA0004061A /* AboutUsViewController.swift */ = {isa = PBXFileReference; lastKnownFileType = sourcecode.swift; path = AboutUsViewController.swift; sourceTree = "<group>"; };
		EAD0F7AC2317D3F90004061A /* AboutUsCVCell.swift */ = {isa = PBXFileReference; lastKnownFileType = sourcecode.swift; path = AboutUsCVCell.swift; sourceTree = "<group>"; };
		EAEDF65423044CAD00F50CBF /* ymlApp.app */ = {isa = PBXFileReference; explicitFileType = wrapper.application; includeInIndex = 0; path = ymlApp.app; sourceTree = BUILT_PRODUCTS_DIR; };
		EAEDF65723044CAD00F50CBF /* AppDelegate.swift */ = {isa = PBXFileReference; lastKnownFileType = sourcecode.swift; path = AppDelegate.swift; sourceTree = "<group>"; };
		EAEDF65923044CAD00F50CBF /* ViewController.swift */ = {isa = PBXFileReference; lastKnownFileType = sourcecode.swift; path = ViewController.swift; sourceTree = "<group>"; };
		EAEDF65C23044CAD00F50CBF /* Base */ = {isa = PBXFileReference; lastKnownFileType = file.storyboard; name = Base; path = Base.lproj/Main.storyboard; sourceTree = "<group>"; };
		EAEDF65E23044CC200F50CBF /* Assets.xcassets */ = {isa = PBXFileReference; lastKnownFileType = folder.assetcatalog; path = Assets.xcassets; sourceTree = "<group>"; };
		EAEDF66123044CC200F50CBF /* Base */ = {isa = PBXFileReference; lastKnownFileType = file.storyboard; name = Base; path = Base.lproj/LaunchScreen.storyboard; sourceTree = "<group>"; };
		EAEDF66323044CC200F50CBF /* Info.plist */ = {isa = PBXFileReference; lastKnownFileType = text.plist.xml; path = Info.plist; sourceTree = "<group>"; };
/* End PBXFileReference section */

/* Begin PBXFrameworksBuildPhase section */
		EAEDF65123044CAD00F50CBF /* Frameworks */ = {
			isa = PBXFrameworksBuildPhase;
			buildActionMask = 2147483647;
			files = (
				0115E587999A75CB45BAC8BA /* Pods_ymlApp.framework in Frameworks */,
			);
			runOnlyForDeploymentPostprocessing = 0;
		};
/* End PBXFrameworksBuildPhase section */

/* Begin PBXGroup section */
		C98D6FF8B639E8CCE90208B2 /* Frameworks */ = {
			isa = PBXGroup;
			children = (
				B928DB661BB3A2BAA9ADE6B0 /* Pods_ymlApp.framework */,
			);
			name = Frameworks;
			sourceTree = "<group>";
		};
		D78D90D4F90AD50C4FAEF0F3 /* Pods */ = {
			isa = PBXGroup;
			children = (
				2B52FDE2F1631BEBAC119D64 /* Pods-ymlApp.debug.xcconfig */,
				D04FD7D42688CEE114F17151 /* Pods-ymlApp.release.xcconfig */,
			);
			path = Pods;
			sourceTree = "<group>";
		};
		EA4DA03B2314F59E007BD6EB /* View */ = {
			isa = PBXGroup;
			children = (
				EACE2D0D231104EA00F9474B /* ContactsViewController.swift */,
				EA5132512313BAB4009F28C9 /* CareersTableViewCell.swift */,
				EA51324F2313A7E5009F28C9 /* CareersViewController.swift */,
				EA04A98E231161E300521D7E /* GmsMapViewController.swift */,
				EA5BDA1D230BD5C00028D175 /* CollectionViewCell.swift */,
				EAEDF65923044CAD00F50CBF /* ViewController.swift */,
				EA47C22C230EDA2D00312DEB /* WorkWebViewViewController.swift */,
				EA4D227A230D5C7200789257 /* WorkTableViewCell.swift */,
				EA4D2278230D5C2700789257 /* WorkViewController.swift */,
				EA336734230FCC7A005D4ACB /* NewsTableViewCell.swift */,
				EA336732230FC918005D4ACB /* NewsViewController.swift */,
				EA5970BC2316B8FE00A1AD84 /* BaseViewController.swift */,
				EAD0F7AA2317D1BA0004061A /* AboutUsViewController.swift */,
				EAD0F7AC2317D3F90004061A /* AboutUsCVCell.swift */,
			);
			name = View;
			sourceTree = "<group>";
		};
		EA51325323142CF2009F28C9 /* Model */ = {
			isa = PBXGroup;
			children = (
				EA51325423142D6A009F28C9 /* NewsModel.swift */,
				EA4DA03C2314F742007BD6EB /* Work.swift */,
				EA4DA04523152233007BD6EB /* MainScreen.swift */,
				EA4DA049231534EE007BD6EB /* ContactsModel.swift */,
				EA5970B32316426500A1AD84 /* Career.swift */,
				EA48280B231812CB00D06971 /* AboutUs.swift */,
			);
			name = Model;
			sourceTree = "<group>";
		};
		EA51325623142FDC009F28C9 /* ViewModel */ = {
			isa = PBXGroup;
			children = (
				EA5132572314304F009F28C9 /* NewsViewModel.swift */,
				EA4DA03E2314F846007BD6EB /* WorkViewModel.swift */,
				EA4DA0472315231F007BD6EB /* MainScreenViewModel.swift */,
				EA4DA04B2315373A007BD6EB /* ContactsViewModel.swift */,
				EA5970B52316496200A1AD84 /* CareerVM.swift */,
				EA5970B72316623200A1AD84 /* NetworkManager.swift */,
				EAD0F7A8231797590004061A /* BaseVM.swift */,
				EA48280D231813F400D06971 /* AboutUsVM.swift */,
			);
			path = ViewModel;
			sourceTree = "<group>";
		};
		EAEDF64B23044CAC00F50CBF = {
			isa = PBXGroup;
			children = (
				EAEDF65623044CAD00F50CBF /* ymlApp */,
				EAEDF65523044CAD00F50CBF /* Products */,
				D78D90D4F90AD50C4FAEF0F3 /* Pods */,
				C98D6FF8B639E8CCE90208B2 /* Frameworks */,
			);
			sourceTree = "<group>";
		};
		EAEDF65523044CAD00F50CBF /* Products */ = {
			isa = PBXGroup;
			children = (
				EAEDF65423044CAD00F50CBF /* ymlApp.app */,
			);
			name = Products;
			sourceTree = "<group>";
		};
		EAEDF65623044CAD00F50CBF /* ymlApp */ = {
			isa = PBXGroup;
			children = (
				EAEDF65723044CAD00F50CBF /* AppDelegate.swift */,
				EA4DA03B2314F59E007BD6EB /* View */,
				EA51325623142FDC009F28C9 /* ViewModel */,
				EA51325323142CF2009F28C9 /* Model */,
				EAEDF65B23044CAD00F50CBF /* Main.storyboard */,
				EAEDF65E23044CC200F50CBF /* Assets.xcassets */,
				EAEDF66023044CC200F50CBF /* LaunchScreen.storyboard */,
				EAEDF66323044CC200F50CBF /* Info.plist */,
			);
			path = ymlApp;
			sourceTree = "<group>";
		};
/* End PBXGroup section */

/* Begin PBXNativeTarget section */
		EAEDF65323044CAD00F50CBF /* ymlApp */ = {
			isa = PBXNativeTarget;
			buildConfigurationList = EAEDF66623044CC200F50CBF /* Build configuration list for PBXNativeTarget "ymlApp" */;
			buildPhases = (
				6285D35A5E139457C80722D6 /* [CP] Check Pods Manifest.lock */,
				EAEDF65023044CAD00F50CBF /* Sources */,
				EAEDF65123044CAD00F50CBF /* Frameworks */,
				EAEDF65223044CAD00F50CBF /* Resources */,
				CE40705766EF4B8B386ABB18 /* [CP] Copy Pods Resources */,
				7CA9433E5620E52682E629A6 /* [CP] Embed Pods Frameworks */,
			);
			buildRules = (
			);
			dependencies = (
			);
			name = ymlApp;
			productName = ymlApp;
			productReference = EAEDF65423044CAD00F50CBF /* ymlApp.app */;
			productType = "com.apple.product-type.application";
		};
/* End PBXNativeTarget section */

/* Begin PBXProject section */
		EAEDF64C23044CAC00F50CBF /* Project object */ = {
			isa = PBXProject;
			attributes = {
				LastSwiftUpdateCheck = 1030;
				LastUpgradeCheck = 1030;
				ORGANIZATIONNAME = YML;
				TargetAttributes = {
					EAEDF65323044CAD00F50CBF = {
						CreatedOnToolsVersion = 10.3;
					};
				};
			};
			buildConfigurationList = EAEDF64F23044CAC00F50CBF /* Build configuration list for PBXProject "ymlApp" */;
			compatibilityVersion = "Xcode 9.3";
			developmentRegion = en;
			hasScannedForEncodings = 0;
			knownRegions = (
				en,
				Base,
			);
			mainGroup = EAEDF64B23044CAC00F50CBF;
			productRefGroup = EAEDF65523044CAD00F50CBF /* Products */;
			projectDirPath = "";
			projectRoot = "";
			targets = (
				EAEDF65323044CAD00F50CBF /* ymlApp */,
			);
		};
/* End PBXProject section */

/* Begin PBXResourcesBuildPhase section */
		EAEDF65223044CAD00F50CBF /* Resources */ = {
			isa = PBXResourcesBuildPhase;
			buildActionMask = 2147483647;
			files = (
				EAEDF66223044CC200F50CBF /* LaunchScreen.storyboard in Resources */,
				EAEDF65F23044CC200F50CBF /* Assets.xcassets in Resources */,
				EAEDF65D23044CAD00F50CBF /* Main.storyboard in Resources */,
			);
			runOnlyForDeploymentPostprocessing = 0;
		};
/* End PBXResourcesBuildPhase section */

/* Begin PBXShellScriptBuildPhase section */
		6285D35A5E139457C80722D6 /* [CP] Check Pods Manifest.lock */ = {
			isa = PBXShellScriptBuildPhase;
			buildActionMask = 2147483647;
			files = (
			);
			inputFileListPaths = (
			);
			inputPaths = (
				"${PODS_PODFILE_DIR_PATH}/Podfile.lock",
				"${PODS_ROOT}/Manifest.lock",
			);
			name = "[CP] Check Pods Manifest.lock";
			outputFileListPaths = (
			);
			outputPaths = (
				"$(DERIVED_FILE_DIR)/Pods-ymlApp-checkManifestLockResult.txt",
			);
			runOnlyForDeploymentPostprocessing = 0;
			shellPath = /bin/sh;
			shellScript = "diff \"${PODS_PODFILE_DIR_PATH}/Podfile.lock\" \"${PODS_ROOT}/Manifest.lock\" > /dev/null\nif [ $? != 0 ] ; then\n    # print error to STDERR\n    echo \"error: The sandbox is not in sync with the Podfile.lock. Run 'pod install' or update your CocoaPods installation.\" >&2\n    exit 1\nfi\n# This output is used by Xcode 'outputs' to avoid re-running this script phase.\necho \"SUCCESS\" > \"${SCRIPT_OUTPUT_FILE_0}\"\n";
			showEnvVarsInLog = 0;
		};
		7CA9433E5620E52682E629A6 /* [CP] Embed Pods Frameworks */ = {
			isa = PBXShellScriptBuildPhase;
			buildActionMask = 2147483647;
			files = (
			);
			inputFileListPaths = (
				"${PODS_ROOT}/Target Support Files/Pods-ymlApp/Pods-ymlApp-frameworks-${CONFIGURATION}-input-files.xcfilelist",
			);
			name = "[CP] Embed Pods Frameworks";
			outputFileListPaths = (
				"${PODS_ROOT}/Target Support Files/Pods-ymlApp/Pods-ymlApp-frameworks-${CONFIGURATION}-output-files.xcfilelist",
			);
			runOnlyForDeploymentPostprocessing = 0;
			shellPath = /bin/sh;
			shellScript = "\"${PODS_ROOT}/Target Support Files/Pods-ymlApp/Pods-ymlApp-frameworks.sh\"\n";
			showEnvVarsInLog = 0;
		};
		CE40705766EF4B8B386ABB18 /* [CP] Copy Pods Resources */ = {
			isa = PBXShellScriptBuildPhase;
			buildActionMask = 2147483647;
			files = (
			);
			inputFileListPaths = (
				"${PODS_ROOT}/Target Support Files/Pods-ymlApp/Pods-ymlApp-resources-${CONFIGURATION}-input-files.xcfilelist",
			);
			name = "[CP] Copy Pods Resources";
			outputFileListPaths = (
				"${PODS_ROOT}/Target Support Files/Pods-ymlApp/Pods-ymlApp-resources-${CONFIGURATION}-output-files.xcfilelist",
			);
			runOnlyForDeploymentPostprocessing = 0;
			shellPath = /bin/sh;
			shellScript = "\"${PODS_ROOT}/Target Support Files/Pods-ymlApp/Pods-ymlApp-resources.sh\"\n";
			showEnvVarsInLog = 0;
		};
/* End PBXShellScriptBuildPhase section */

/* Begin PBXSourcesBuildPhase section */
		EAEDF65023044CAD00F50CBF /* Sources */ = {
			isa = PBXSourcesBuildPhase;
			buildActionMask = 2147483647;
			files = (
				EA5970B82316623200A1AD84 /* NetworkManager.swift in Sources */,
				EAEDF65A23044CAD00F50CBF /* ViewController.swift in Sources */,
				EAD0F7AD2317D3F90004061A /* AboutUsCVCell.swift in Sources */,
				EA4DA04C2315373A007BD6EB /* ContactsViewModel.swift in Sources */,
				EA47C22D230EDA2D00312DEB /* WorkWebViewViewController.swift in Sources */,
				EA48280E231813F400D06971 /* AboutUsVM.swift in Sources */,
				EA4DA03D2314F742007BD6EB /* Work.swift in Sources */,
				EA5970BD2316B8FE00A1AD84 /* BaseViewController.swift in Sources */,
				EA336735230FCC7A005D4ACB /* NewsTableViewCell.swift in Sources */,
				EA04A98F231161E300521D7E /* GmsMapViewController.swift in Sources */,
				EA4DA0482315231F007BD6EB /* MainScreenViewModel.swift in Sources */,
				EAD0F7A9231797590004061A /* BaseVM.swift in Sources */,
				EA4DA04A231534EE007BD6EB /* ContactsModel.swift in Sources */,
				EA4D2279230D5C2700789257 /* WorkViewController.swift in Sources */,
				EA5132522313BAB4009F28C9 /* CareersTableViewCell.swift in Sources */,
				EA5970B42316426500A1AD84 /* Career.swift in Sources */,
				EAD0F7AB2317D1BA0004061A /* AboutUsViewController.swift in Sources */,
				EA4DA04623152233007BD6EB /* MainScreen.swift in Sources */,
				EA4D227B230D5C7200789257 /* WorkTableViewCell.swift in Sources */,
				EACE2D0E231104EA00F9474B /* ContactsViewController.swift in Sources */,
				EA5132502313A7E5009F28C9 /* CareersViewController.swift in Sources */,
				EA336733230FC918005D4ACB /* NewsViewController.swift in Sources */,
				EA5970B62316496200A1AD84 /* CareerVM.swift in Sources */,
				EA51325523142D6A009F28C9 /* NewsModel.swift in Sources */,
				EA5132582314304F009F28C9 /* NewsViewModel.swift in Sources */,
				EA4DA03F2314F846007BD6EB /* WorkViewModel.swift in Sources */,
				EAEDF65823044CAD00F50CBF /* AppDelegate.swift in Sources */,
				EA5BDA1E230BD5C00028D175 /* CollectionViewCell.swift in Sources */,
				EA48280C231812CB00D06971 /* AboutUs.swift in Sources */,
			);
			runOnlyForDeploymentPostprocessing = 0;
		};
/* End PBXSourcesBuildPhase section */

/* Begin PBXVariantGroup section */
		EAEDF65B23044CAD00F50CBF /* Main.storyboard */ = {
			isa = PBXVariantGroup;
			children = (
				EAEDF65C23044CAD00F50CBF /* Base */,
			);
			name = Main.storyboard;
			sourceTree = "<group>";
		};
		EAEDF66023044CC200F50CBF /* LaunchScreen.storyboard */ = {
			isa = PBXVariantGroup;
			children = (
				EAEDF66123044CC200F50CBF /* Base */,
			);
			name = LaunchScreen.storyboard;
			sourceTree = "<group>";
		};
/* End PBXVariantGroup section */

/* Begin XCBuildConfiguration section */
		EAEDF66423044CC200F50CBF /* Debug */ = {
			isa = XCBuildConfiguration;
			buildSettings = {
				ALWAYS_SEARCH_USER_PATHS = NO;
				CLANG_ANALYZER_NONNULL = YES;
				CLANG_ANALYZER_NUMBER_OBJECT_CONVERSION = YES_AGGRESSIVE;
				CLANG_CXX_LANGUAGE_STANDARD = "gnu++14";
				CLANG_CXX_LIBRARY = "libc++";
				CLANG_ENABLE_MODULES = YES;
				CLANG_ENABLE_OBJC_ARC = YES;
				CLANG_ENABLE_OBJC_WEAK = YES;
				CLANG_WARN_BLOCK_CAPTURE_AUTORELEASING = YES;
				CLANG_WARN_BOOL_CONVERSION = YES;
				CLANG_WARN_COMMA = YES;
				CLANG_WARN_CONSTANT_CONVERSION = YES;
				CLANG_WARN_DEPRECATED_OBJC_IMPLEMENTATIONS = YES;
				CLANG_WARN_DIRECT_OBJC_ISA_USAGE = YES_ERROR;
				CLANG_WARN_DOCUMENTATION_COMMENTS = YES;
				CLANG_WARN_EMPTY_BODY = YES;
				CLANG_WARN_ENUM_CONVERSION = YES;
				CLANG_WARN_INFINITE_RECURSION = YES;
				CLANG_WARN_INT_CONVERSION = YES;
				CLANG_WARN_NON_LITERAL_NULL_CONVERSION = YES;
				CLANG_WARN_OBJC_IMPLICIT_RETAIN_SELF = YES;
				CLANG_WARN_OBJC_LITERAL_CONVERSION = YES;
				CLANG_WARN_OBJC_ROOT_CLASS = YES_ERROR;
				CLANG_WARN_RANGE_LOOP_ANALYSIS = YES;
				CLANG_WARN_STRICT_PROTOTYPES = YES;
				CLANG_WARN_SUSPICIOUS_MOVE = YES;
				CLANG_WARN_UNGUARDED_AVAILABILITY = YES_AGGRESSIVE;
				CLANG_WARN_UNREACHABLE_CODE = YES;
				CLANG_WARN__DUPLICATE_METHOD_MATCH = YES;
				CODE_SIGN_IDENTITY = "iPhone Developer";
				COPY_PHASE_STRIP = NO;
				DEBUG_INFORMATION_FORMAT = dwarf;
				ENABLE_STRICT_OBJC_MSGSEND = YES;
				ENABLE_TESTABILITY = YES;
				GCC_C_LANGUAGE_STANDARD = gnu11;
				GCC_DYNAMIC_NO_PIC = NO;
				GCC_NO_COMMON_BLOCKS = YES;
				GCC_OPTIMIZATION_LEVEL = 0;
				GCC_PREPROCESSOR_DEFINITIONS = (
					"DEBUG=1",
					"$(inherited)",
				);
				GCC_WARN_64_TO_32_BIT_CONVERSION = YES;
				GCC_WARN_ABOUT_RETURN_TYPE = YES_ERROR;
				GCC_WARN_UNDECLARED_SELECTOR = YES;
				GCC_WARN_UNINITIALIZED_AUTOS = YES_AGGRESSIVE;
				GCC_WARN_UNUSED_FUNCTION = YES;
				GCC_WARN_UNUSED_VARIABLE = YES;
				IPHONEOS_DEPLOYMENT_TARGET = 12.4;
				MTL_ENABLE_DEBUG_INFO = INCLUDE_SOURCE;
				MTL_FAST_MATH = YES;
				ONLY_ACTIVE_ARCH = YES;
				SDKROOT = iphoneos;
				SWIFT_ACTIVE_COMPILATION_CONDITIONS = DEBUG;
				SWIFT_OPTIMIZATION_LEVEL = "-Onone";
			};
			name = Debug;
		};
		EAEDF66523044CC200F50CBF /* Release */ = {
			isa = XCBuildConfiguration;
			buildSettings = {
				ALWAYS_SEARCH_USER_PATHS = NO;
				CLANG_ANALYZER_NONNULL = YES;
				CLANG_ANALYZER_NUMBER_OBJECT_CONVERSION = YES_AGGRESSIVE;
				CLANG_CXX_LANGUAGE_STANDARD = "gnu++14";
				CLANG_CXX_LIBRARY = "libc++";
				CLANG_ENABLE_MODULES = YES;
				CLANG_ENABLE_OBJC_ARC = YES;
				CLANG_ENABLE_OBJC_WEAK = YES;
				CLANG_WARN_BLOCK_CAPTURE_AUTORELEASING = YES;
				CLANG_WARN_BOOL_CONVERSION = YES;
				CLANG_WARN_COMMA = YES;
				CLANG_WARN_CONSTANT_CONVERSION = YES;
				CLANG_WARN_DEPRECATED_OBJC_IMPLEMENTATIONS = YES;
				CLANG_WARN_DIRECT_OBJC_ISA_USAGE = YES_ERROR;
				CLANG_WARN_DOCUMENTATION_COMMENTS = YES;
				CLANG_WARN_EMPTY_BODY = YES;
				CLANG_WARN_ENUM_CONVERSION = YES;
				CLANG_WARN_INFINITE_RECURSION = YES;
				CLANG_WARN_INT_CONVERSION = YES;
				CLANG_WARN_NON_LITERAL_NULL_CONVERSION = YES;
				CLANG_WARN_OBJC_IMPLICIT_RETAIN_SELF = YES;
				CLANG_WARN_OBJC_LITERAL_CONVERSION = YES;
				CLANG_WARN_OBJC_ROOT_CLASS = YES_ERROR;
				CLANG_WARN_RANGE_LOOP_ANALYSIS = YES;
				CLANG_WARN_STRICT_PROTOTYPES = YES;
				CLANG_WARN_SUSPICIOUS_MOVE = YES;
				CLANG_WARN_UNGUARDED_AVAILABILITY = YES_AGGRESSIVE;
				CLANG_WARN_UNREACHABLE_CODE = YES;
				CLANG_WARN__DUPLICATE_METHOD_MATCH = YES;
				CODE_SIGN_IDENTITY = "iPhone Developer";
				COPY_PHASE_STRIP = NO;
				DEBUG_INFORMATION_FORMAT = "dwarf-with-dsym";
				ENABLE_NS_ASSERTIONS = NO;
				ENABLE_STRICT_OBJC_MSGSEND = YES;
				GCC_C_LANGUAGE_STANDARD = gnu11;
				GCC_NO_COMMON_BLOCKS = YES;
				GCC_WARN_64_TO_32_BIT_CONVERSION = YES;
				GCC_WARN_ABOUT_RETURN_TYPE = YES_ERROR;
				GCC_WARN_UNDECLARED_SELECTOR = YES;
				GCC_WARN_UNINITIALIZED_AUTOS = YES_AGGRESSIVE;
				GCC_WARN_UNUSED_FUNCTION = YES;
				GCC_WARN_UNUSED_VARIABLE = YES;
				IPHONEOS_DEPLOYMENT_TARGET = 12.4;
				MTL_ENABLE_DEBUG_INFO = NO;
				MTL_FAST_MATH = YES;
				SDKROOT = iphoneos;
				SWIFT_COMPILATION_MODE = wholemodule;
				SWIFT_OPTIMIZATION_LEVEL = "-O";
				VALIDATE_PRODUCT = YES;
			};
			name = Release;
		};
		EAEDF66723044CC200F50CBF /* Debug */ = {
			isa = XCBuildConfiguration;
			baseConfigurationReference = 2B52FDE2F1631BEBAC119D64 /* Pods-ymlApp.debug.xcconfig */;
			buildSettings = {
				ASSETCATALOG_COMPILER_APPICON_NAME = AppIcon;
				CODE_SIGN_STYLE = Manual;
				DEVELOPMENT_TEAM = "";
				INFOPLIST_FILE = ymlApp/Info.plist;
				IPHONEOS_DEPLOYMENT_TARGET = 12.4;
				LD_RUNPATH_SEARCH_PATHS = (
					"$(inherited)",
					"@executable_path/Frameworks",
				);
				PRODUCT_BUNDLE_IDENTIFIER = com.yml.ymlApp;
				PRODUCT_NAME = "$(TARGET_NAME)";
				PROVISIONING_PROFILE_SPECIFIER = "";
				SWIFT_VERSION = 5.0;
				TARGETED_DEVICE_FAMILY = "1,2";
			};
			name = Debug;
		};
		EAEDF66823044CC200F50CBF /* Release */ = {
			isa = XCBuildConfiguration;
			baseConfigurationReference = D04FD7D42688CEE114F17151 /* Pods-ymlApp.release.xcconfig */;
			buildSettings = {
				ASSETCATALOG_COMPILER_APPICON_NAME = AppIcon;
				CODE_SIGN_STYLE = Manual;
				DEVELOPMENT_TEAM = "";
				INFOPLIST_FILE = ymlApp/Info.plist;
				IPHONEOS_DEPLOYMENT_TARGET = 12.4;
				LD_RUNPATH_SEARCH_PATHS = (
					"$(inherited)",
					"@executable_path/Frameworks",
				);
				PRODUCT_BUNDLE_IDENTIFIER = com.yml.ymlApp;
				PRODUCT_NAME = "$(TARGET_NAME)";
				PROVISIONING_PROFILE_SPECIFIER = "";
				SWIFT_VERSION = 5.0;
				TARGETED_DEVICE_FAMILY = "1,2";
			};
			name = Release;
		};
/* End XCBuildConfiguration section */

/* Begin XCConfigurationList section */
		EAEDF64F23044CAC00F50CBF /* Build configuration list for PBXProject "ymlApp" */ = {
			isa = XCConfigurationList;
			buildConfigurations = (
				EAEDF66423044CC200F50CBF /* Debug */,
				EAEDF66523044CC200F50CBF /* Release */,
			);
			defaultConfigurationIsVisible = 0;
			defaultConfigurationName = Release;
		};
		EAEDF66623044CC200F50CBF /* Build configuration list for PBXNativeTarget "ymlApp" */ = {
			isa = XCConfigurationList;
			buildConfigurations = (
				EAEDF66723044CC200F50CBF /* Debug */,
				EAEDF66823044CC200F50CBF /* Release */,
			);
			defaultConfigurationIsVisible = 0;
			defaultConfigurationName = Release;
		};
/* End XCConfigurationList section */
	};
	rootObject = EAEDF64C23044CAC00F50CBF /* Project object */;
}
